
Microsoft Visual Studio Solution File, Format Version 12.00
# Visual Studio Version 17
VisualStudioVersion = 17.11.35312.102
MinimumVisualStudioVersion = 10.0.40219.1
Project("{FAE04EC0-301F-11D3-BF4B-00C04F79EFBC}") = "Front", "Front\Front.csproj", "{FFFC23D9-F6B4-461F-990D-36E5183D4F1B}"
EndProject
Project("{FAE04EC0-301F-11D3-BF4B-00C04F79EFBC}") = "dominio", "dominio\dominio.csproj", "{8E1B5BDE-CC43-4AD6-A989-74C1832379DA}"
EndProject
Project("{FAE04EC0-301F-11D3-BF4B-00C04F79EFBC}") = "negocio", "Negocio\negocio.csproj", "{D20CB573-8012-445A-99D6-2B55ECC600CB}"
EndProject
Global
	GlobalSection(SolutionConfigurationPlatforms) = preSolution
		Debug|Any CPU = Debug|Any CPU
		Release|Any CPU = Release|Any CPU
	EndGlobalSection
	GlobalSection(ProjectConfigurationPlatforms) = postSolution
		{FFFC23D9-F6B4-461F-990D-36E5183D4F1B}.Debug|Any CPU.ActiveCfg = Debug|Any CPU
		{FFFC23D9-F6B4-461F-990D-36E5183D4F1B}.Debug|Any CPU.Build.0 = Debug|Any CPU
		{FFFC23D9-F6B4-461F-990D-36E5183D4F1B}.Release|Any CPU.ActiveCfg = Release|Any CPU
		{FFFC23D9-F6B4-461F-990D-36E5183D4F1B}.Release|Any CPU.Build.0 = Release|Any CPU
		{8E1B5BDE-CC43-4AD6-A989-74C1832379DA}.Debug|Any CPU.ActiveCfg = Debug|Any CPU
		{8E1B5BDE-CC43-4AD6-A989-74C1832379DA}.Debug|Any CPU.Build.0 = Debug|Any CPU
		{8E1B5BDE-CC43-4AD6-A989-74C1832379DA}.Release|Any CPU.ActiveCfg = Release|Any CPU
		{8E1B5BDE-CC43-4AD6-A989-74C1832379DA}.Release|Any CPU.Build.0 = Release|Any CPU
		{D20CB573-8012-445A-99D6-2B55ECC600CB}.Debug|Any CPU.ActiveCfg = Debug|Any CPU
		{D20CB573-8012-445A-99D6-2B55ECC600CB}.Debug|Any CPU.Build.0 = Debug|Any CPU
		{D20CB573-8012-445A-99D6-2B55ECC600CB}.Release|Any CPU.ActiveCfg = Release|Any CPU
		{D20CB573-8012-445A-99D6-2B55ECC600CB}.Release|Any CPU.Build.0 = Release|Any CPU
	EndGlobalSection
	GlobalSection(SolutionProperties) = preSolution
		HideSolutionNode = FALSE
	EndGlobalSection
	GlobalSection(ExtensibilityGlobals) = postSolution
		SolutionGuid = {077144CB-C885-463C-B04E-EAB7539D74BB}
	EndGlobalSection
EndGlobal
